{
  "originHash" : "d0be11d115ed256bcea9f22b0da3dcdc50bc745133549eb2fc252c9168e25071",
  "pins" : [
    {
      "identity" : "swift-syntax-xcframeworks",
      "kind" : "remoteSourceControl",
      "location" : "https://github.com/openium/swift-syntax-xcframeworks",
      "state" : {
        "revision" : "0c584c7322302046d18b1e3ed33419bd19db832a",
        "version" : "600.0.1"
      }
    }
  ],
  "version" : 3
}
